
Microsoft Visual Studio Solution File, Format Version 12.00
# Visual Studio Version 17
VisualStudioVersion = 17.4.33103.184
MinimumVisualStudioVersion = 10.0.40219.1
Project("{9A19103F-16F7-4668-BE54-9A1E7A4F7556}") = "BeerSender.API", "BeerSender.API\BeerSender.API.csproj", "{39BC2533-0B9F-41A1-B28F-5EFDC4833EBB}"
EndProject
Project("{FAE04EC0-301F-11D3-BF4B-00C04F79EFBC}") = "BeerSender.Domain", "BeerSender.Domain\BeerSender.Domain.csproj", "{60EC19B0-B438-4295-9011-01918DFBA76B}"
EndProject
Project("{FAE04EC0-301F-11D3-BF4B-00C04F79EFBC}") = "TestApp", "TestApp\TestApp.csproj", "{BB97B94E-3A62-4DCC-856F-14178F2511E3}"
EndProject
Project("{FAE04EC0-301F-11D3-BF4B-00C04F79EFBC}") = "BeerSender.Tests", "BeerSender.Tests\BeerSender.Tests.csproj", "{E7E5DB00-F995-4899-9661-9165E8E6C3F7}"
EndProject
Global
	GlobalSection(SolutionConfigurationPlatforms) = preSolution
		Debug|Any CPU = Debug|Any CPU
		Release|Any CPU = Release|Any CPU
	EndGlobalSection
	GlobalSection(ProjectConfigurationPlatforms) = postSolution
		{39BC2533-0B9F-41A1-B28F-5EFDC4833EBB}.Debug|Any CPU.ActiveCfg = Debug|Any CPU
		{39BC2533-0B9F-41A1-B28F-5EFDC4833EBB}.Debug|Any CPU.Build.0 = Debug|Any CPU
		{39BC2533-0B9F-41A1-B28F-5EFDC4833EBB}.Release|Any CPU.ActiveCfg = Release|Any CPU
		{39BC2533-0B9F-41A1-B28F-5EFDC4833EBB}.Release|Any CPU.Build.0 = Release|Any CPU
		{60EC19B0-B438-4295-9011-01918DFBA76B}.Debug|Any CPU.ActiveCfg = Debug|Any CPU
		{60EC19B0-B438-4295-9011-01918DFBA76B}.Debug|Any CPU.Build.0 = Debug|Any CPU
		{60EC19B0-B438-4295-9011-01918DFBA76B}.Release|Any CPU.ActiveCfg = Release|Any CPU
		{60EC19B0-B438-4295-9011-01918DFBA76B}.Release|Any CPU.Build.0 = Release|Any CPU
		{BB97B94E-3A62-4DCC-856F-14178F2511E3}.Debug|Any CPU.ActiveCfg = Debug|Any CPU
		{BB97B94E-3A62-4DCC-856F-14178F2511E3}.Debug|Any CPU.Build.0 = Debug|Any CPU
		{BB97B94E-3A62-4DCC-856F-14178F2511E3}.Release|Any CPU.ActiveCfg = Release|Any CPU
		{BB97B94E-3A62-4DCC-856F-14178F2511E3}.Release|Any CPU.Build.0 = Release|Any CPU
		{E7E5DB00-F995-4899-9661-9165E8E6C3F7}.Debug|Any CPU.ActiveCfg = Debug|Any CPU
		{E7E5DB00-F995-4899-9661-9165E8E6C3F7}.Debug|Any CPU.Build.0 = Debug|Any CPU
		{E7E5DB00-F995-4899-9661-9165E8E6C3F7}.Release|Any CPU.ActiveCfg = Release|Any CPU
		{E7E5DB00-F995-4899-9661-9165E8E6C3F7}.Release|Any CPU.Build.0 = Release|Any CPU
	EndGlobalSection
	GlobalSection(SolutionProperties) = preSolution
		HideSolutionNode = FALSE
	EndGlobalSection
	GlobalSection(ExtensibilityGlobals) = postSolution
		SolutionGuid = {AD3CC7DF-D594-426C-A254-9887C3A34655}
	EndGlobalSection
EndGlobal
